
Microsoft Visual Studio Solution File, Format Version 12.00
# Visual Studio Version 16
VisualStudioVersion = 16.0.29418.71
MinimumVisualStudioVersion = 10.0.40219.1
Project("{FAE04EC0-301F-11D3-BF4B-00C04F79EFBC}") = "MWH", "MWH\MWH.csproj", "{82204620-7F70-468A-9A68-2C5FFCED1D84}"
EndProject
Global
	GlobalSection(SolutionConfigurationPlatforms) = preSolution
		Debug|Any CPU = Debug|Any CPU
		Release|Any CPU = Release|Any CPU
	EndGlobalSection
	GlobalSection(ProjectConfigurationPlatforms) = postSolution
		{82204620-7F70-468A-9A68-2C5FFCED1D84}.Debug|Any CPU.ActiveCfg = Debug|Any CPU
		{82204620-7F70-468A-9A68-2C5FFCED1D84}.Debug|Any CPU.Build.0 = Debug|Any CPU
		{82204620-7F70-468A-9A68-2C5FFCED1D84}.Release|Any CPU.ActiveCfg = Release|Any CPU
		{82204620-7F70-468A-9A68-2C5FFCED1D84}.Release|Any CPU.Build.0 = Release|Any CPU
	EndGlobalSection
	GlobalSection(SolutionProperties) = preSolution
		HideSolutionNode = FALSE
	EndGlobalSection
	GlobalSection(ExtensibilityGlobals) = postSolution
		SolutionGuid = {76554EF1-28CA-4F34-9474-1CDBC25AFA2C}
	EndGlobalSection
EndGlobal
